
Microsoft Visual Studio Solution File, Format Version 12.00
# Visual Studio 15
VisualStudioVersion = 15.0.26730.10
MinimumVisualStudioVersion = 10.0.40219.1
Project("{FAE04EC0-301F-11D3-BF4B-00C04F79EFBC}") = "ENZ-MediaPlayer", "ENZ-MediaPlayer.csproj", "{9EB0510A-6E6B-4FAC-B9BA-A00F1143C88B}"
EndProject
Global
	GlobalSection(SolutionConfigurationPlatforms) = preSolution
		Debug|Any CPU = Debug|Any CPU
		Release|Any CPU = Release|Any CPU
	EndGlobalSection
	GlobalSection(ProjectConfigurationPlatforms) = postSolution
		{9EB0510A-6E6B-4FAC-B9BA-A00F1143C88B}.Debug|Any CPU.ActiveCfg = Debug|Any CPU
		{9EB0510A-6E6B-4FAC-B9BA-A00F1143C88B}.Debug|Any CPU.Build.0 = Debug|Any CPU
		{9EB0510A-6E6B-4FAC-B9BA-A00F1143C88B}.Release|Any CPU.ActiveCfg = Release|Any CPU
		{9EB0510A-6E6B-4FAC-B9BA-A00F1143C88B}.Release|Any CPU.Build.0 = Release|Any CPU
	EndGlobalSection
	GlobalSection(SolutionProperties) = preSolution
		HideSolutionNode = FALSE
	EndGlobalSection
	GlobalSection(ExtensibilityGlobals) = postSolution
		SolutionGuid = {5B492F46-C81F-41E3-AD3B-84BFD1BB9123}
	EndGlobalSection
EndGlobal
